{
  "originHash" : "60b12e38cebd68adc10ed86f26d238168d27a86430491ca93a10146e8939af9e",
  "pins" : [
    {
      "identity" : "grdb.swift",
      "kind" : "remoteSourceControl",
      "location" : "https://github.com/groue/GRDB.swift.git",
      "state" : {
        "revision" : "aa0079aeb82a4bf00324561a40bffe68c6fe1c26",
        "version" : "7.9.0"
      }
    }
  ],
  "version" : 3
}
